
Microsoft Visual Studio Solution File, Format Version 12.00
# Visual Studio Version 17
VisualStudioVersion = 17.0.31903.59
MinimumVisualStudioVersion = 10.0.40219.1
Project("{FAE04EC0-301F-11D3-BF4B-00C04F79EFBC}") = "EventHub.Web", "EventHub.Web\EventHub.Web.csproj", "{FE550308-BACC-4E31-9595-70857FD2C1B4}"
EndProject
Project("{FAE04EC0-301F-11D3-BF4B-00C04F79EFBC}") = "EventHub.Core", "EventHub.Core\EventHub.Core.csproj", "{53384D2F-00DF-4609-AAD6-9AC4656EA2CD}"
EndProject
Project("{FAE04EC0-301F-11D3-BF4B-00C04F79EFBC}") = "EventHub.Infrastructure", "EventHub.Infrastructure\EventHub.Infrastructure.csproj", "{BDE09E2F-A2DE-42FB-95E6-F2A95745EAF2}"
EndProject
Project("{FAE04EC0-301F-11D3-BF4B-00C04F79EFBC}") = "EventHub.Tests", "EventHub.Tests\EventHub.Tests.csproj", "{8420F78F-06B6-4730-B7B3-E5C8E04EEA91}"
EndProject
Global
	GlobalSection(SolutionConfigurationPlatforms) = preSolution
		Debug|Any CPU = Debug|Any CPU
		Debug|x64 = Debug|x64
		Debug|x86 = Debug|x86
		Release|Any CPU = Release|Any CPU
		Release|x64 = Release|x64
		Release|x86 = Release|x86
	EndGlobalSection
	GlobalSection(ProjectConfigurationPlatforms) = postSolution
		{FE550308-BACC-4E31-9595-70857FD2C1B4}.Debug|Any CPU.ActiveCfg = Debug|Any CPU
		{FE550308-BACC-4E31-9595-70857FD2C1B4}.Debug|Any CPU.Build.0 = Debug|Any CPU
		{FE550308-BACC-4E31-9595-70857FD2C1B4}.Debug|x64.ActiveCfg = Debug|Any CPU
		{FE550308-BACC-4E31-9595-70857FD2C1B4}.Debug|x64.Build.0 = Debug|Any CPU
		{FE550308-BACC-4E31-9595-70857FD2C1B4}.Debug|x86.ActiveCfg = Debug|Any CPU
		{FE550308-BACC-4E31-9595-70857FD2C1B4}.Debug|x86.Build.0 = Debug|Any CPU
		{FE550308-BACC-4E31-9595-70857FD2C1B4}.Release|Any CPU.ActiveCfg = Release|Any CPU
		{FE550308-BACC-4E31-9595-70857FD2C1B4}.Release|Any CPU.Build.0 = Release|Any CPU
		{FE550308-BACC-4E31-9595-70857FD2C1B4}.Release|x64.ActiveCfg = Release|Any CPU
		{FE550308-BACC-4E31-9595-70857FD2C1B4}.Release|x64.Build.0 = Release|Any CPU
		{FE550308-BACC-4E31-9595-70857FD2C1B4}.Release|x86.ActiveCfg = Release|Any CPU
		{FE550308-BACC-4E31-9595-70857FD2C1B4}.Release|x86.Build.0 = Release|Any CPU
		{53384D2F-00DF-4609-AAD6-9AC4656EA2CD}.Debug|Any CPU.ActiveCfg = Debug|Any CPU
		{53384D2F-00DF-4609-AAD6-9AC4656EA2CD}.Debug|Any CPU.Build.0 = Debug|Any CPU
		{53384D2F-00DF-4609-AAD6-9AC4656EA2CD}.Debug|x64.ActiveCfg = Debug|Any CPU
		{53384D2F-00DF-4609-AAD6-9AC4656EA2CD}.Debug|x64.Build.0 = Debug|Any CPU
		{53384D2F-00DF-4609-AAD6-9AC4656EA2CD}.Debug|x86.ActiveCfg = Debug|Any CPU
		{53384D2F-00DF-4609-AAD6-9AC4656EA2CD}.Debug|x86.Build.0 = Debug|Any CPU
		{53384D2F-00DF-4609-AAD6-9AC4656EA2CD}.Release|Any CPU.ActiveCfg = Release|Any CPU
		{53384D2F-00DF-4609-AAD6-9AC4656EA2CD}.Release|Any CPU.Build.0 = Release|Any CPU
		{53384D2F-00DF-4609-AAD6-9AC4656EA2CD}.Release|x64.ActiveCfg = Release|Any CPU
		{53384D2F-00DF-4609-AAD6-9AC4656EA2CD}.Release|x64.Build.0 = Release|Any CPU
		{53384D2F-00DF-4609-AAD6-9AC4656EA2CD}.Release|x86.ActiveCfg = Release|Any CPU
		{53384D2F-00DF-4609-AAD6-9AC4656EA2CD}.Release|x86.Build.0 = Release|Any CPU
		{BDE09E2F-A2DE-42FB-95E6-F2A95745EAF2}.Debug|Any CPU.ActiveCfg = Debug|Any CPU
		{BDE09E2F-A2DE-42FB-95E6-F2A95745EAF2}.Debug|Any CPU.Build.0 = Debug|Any CPU
		{BDE09E2F-A2DE-42FB-95E6-F2A95745EAF2}.Debug|x64.ActiveCfg = Debug|Any CPU
		{BDE09E2F-A2DE-42FB-95E6-F2A95745EAF2}.Debug|x64.Build.0 = Debug|Any CPU
		{BDE09E2F-A2DE-42FB-95E6-F2A95745EAF2}.Debug|x86.ActiveCfg = Debug|Any CPU
		{BDE09E2F-A2DE-42FB-95E6-F2A95745EAF2}.Debug|x86.Build.0 = Debug|Any CPU
		{BDE09E2F-A2DE-42FB-95E6-F2A95745EAF2}.Release|Any CPU.ActiveCfg = Release|Any CPU
		{BDE09E2F-A2DE-42FB-95E6-F2A95745EAF2}.Release|Any CPU.Build.0 = Release|Any CPU
		{BDE09E2F-A2DE-42FB-95E6-F2A95745EAF2}.Release|x64.ActiveCfg = Release|Any CPU
		{BDE09E2F-A2DE-42FB-95E6-F2A95745EAF2}.Release|x64.Build.0 = Release|Any CPU
		{BDE09E2F-A2DE-42FB-95E6-F2A95745EAF2}.Release|x86.ActiveCfg = Release|Any CPU
		{BDE09E2F-A2DE-42FB-95E6-F2A95745EAF2}.Release|x86.Build.0 = Release|Any CPU
		{8420F78F-06B6-4730-B7B3-E5C8E04EEA91}.Debug|Any CPU.ActiveCfg = Debug|Any CPU
		{8420F78F-06B6-4730-B7B3-E5C8E04EEA91}.Debug|Any CPU.Build.0 = Debug|Any CPU
		{8420F78F-06B6-4730-B7B3-E5C8E04EEA91}.Debug|x64.ActiveCfg = Debug|Any CPU
		{8420F78F-06B6-4730-B7B3-E5C8E04EEA91}.Debug|x64.Build.0 = Debug|Any CPU
		{8420F78F-06B6-4730-B7B3-E5C8E04EEA91}.Debug|x86.ActiveCfg = Debug|Any CPU
		{8420F78F-06B6-4730-B7B3-E5C8E04EEA91}.Debug|x86.Build.0 = Debug|Any CPU
		{8420F78F-06B6-4730-B7B3-E5C8E04EEA91}.Release|Any CPU.ActiveCfg = Release|Any CPU
		{8420F78F-06B6-4730-B7B3-E5C8E04EEA91}.Release|Any CPU.Build.0 = Release|Any CPU
		{8420F78F-06B6-4730-B7B3-E5C8E04EEA91}.Release|x64.ActiveCfg = Release|Any CPU
		{8420F78F-06B6-4730-B7B3-E5C8E04EEA91}.Release|x64.Build.0 = Release|Any CPU
		{8420F78F-06B6-4730-B7B3-E5C8E04EEA91}.Release|x86.ActiveCfg = Release|Any CPU
		{8420F78F-06B6-4730-B7B3-E5C8E04EEA91}.Release|x86.Build.0 = Release|Any CPU
	EndGlobalSection
	GlobalSection(SolutionProperties) = preSolution
		HideSolutionNode = FALSE
	EndGlobalSection
EndGlobal
